# THIS IS AN AUTOGENERATED FILE. DO NOT EDIT THIS FILE DIRECTLY.
# yarn lockfile v1


"@gql2ts/from-query@^1.9.0":
  version "1.9.0"
  resolved "https://registry.yarnpkg.com/@gql2ts/from-query/-/from-query-1.9.0.tgz#ae92a4fa3df005df57eb835b371d7964644b9beb"
  integrity sha512-hfH2Oq3ikHu+zKE4b9kdGbzEqFiX+VxIg0nhgpY5iUgl975cAtTFhAdwfzr/jKdZhC9Ad5dE1CPrjEA+G7hzMg==
  dependencies:
    "@gql2ts/language-typescript" "^1.9.0"
    "@gql2ts/util" "^1.9.0"

"@gql2ts/language-typescript@^1.9.0":
  version "1.9.0"
  resolved "https://registry.yarnpkg.com/@gql2ts/language-typescript/-/language-typescript-1.9.0.tgz#c521e800817d1341552e9c684bca6b64b0abb46f"
  integrity sha512-d3OlIFMjKoXH+VukXD7+pQRLgrP3NkXDQbCWSGonIl5mpRQ5aO5I8Fo53cMZQ9xCjj1Y5Vg24wtZOuY8spc6Ag==
  dependencies:
    "@gql2ts/util" "^1.9.0"
    humps "^2.0.0"

"@gql2ts/util@^1.9.0":
  version "1.9.0"
  resolved "https://registry.yarnpkg.com/@gql2ts/util/-/util-1.9.0.tgz#d07a54832757d2f2d1fc9891e5b0e3e3b4886c6a"
  integrity sha512-mkHar7AdyShUFJE6Mlke1tUbb+lPCK1EozZeAhCuRrhQ5aCCBAG6RxzNUYX1Q2jeGeyU0WRAtQu1oE/GoIsNXA==

graphql@^14.0.0:
  version "14.1.1"
  resolved "https://registry.yarnpkg.com/graphql/-/graphql-14.1.1.tgz#d5d77df4b19ef41538d7215d1e7a28834619fac0"
  integrity sha512-C5zDzLqvfPAgTtP8AUPIt9keDabrdRAqSWjj2OPRKrKxI9Fb65I36s1uCs1UUBFnSWTdO7hyHi7z1ZbwKMKF6Q==
  dependencies:
    iterall "^1.2.2"

humps@^2.0.0:
  version "2.0.1"
  resolved "https://registry.yarnpkg.com/humps/-/humps-2.0.1.tgz#dd02ea6081bd0568dc5d073184463957ba9ef9aa"
  integrity sha1-3QLqYIG9BWjcXQcxhEY5V7qe+ao=

iterall@^1.2.2:
  version "1.2.2"
  resolved "https://registry.yarnpkg.com/iterall/-/iterall-1.2.2.tgz#92d70deb8028e0c39ff3164fdbf4d8b088130cd7"
  integrity sha512-yynBb1g+RFUPY64fTrFv7nsjRrENBQJaX2UL+2Szc9REFrSNm1rpSXHGzhmAy7a9uv3vlvgBlXnf9RqmPH1/DA==
